
Microsoft Visual Studio Solution File, Format Version 12.00
Project("{FAE04EC0-301F-11D3-BF4B-00C04F79EFBC}") = "Otus.Hw.3.Solid", "Otus.Hw.3.Solid\Otus.Hw.3.Solid.csproj", "{C88C3345-E751-4EEC-A05F-3B96D0E811BE}"
EndProject
Global
	GlobalSection(SolutionConfigurationPlatforms) = preSolution
		Debug|Any CPU = Debug|Any CPU
		Release|Any CPU = Release|Any CPU
	EndGlobalSection
	GlobalSection(ProjectConfigurationPlatforms) = postSolution
		{C88C3345-E751-4EEC-A05F-3B96D0E811BE}.Debug|Any CPU.ActiveCfg = Debug|Any CPU
		{C88C3345-E751-4EEC-A05F-3B96D0E811BE}.Debug|Any CPU.Build.0 = Debug|Any CPU
		{C88C3345-E751-4EEC-A05F-3B96D0E811BE}.Release|Any CPU.ActiveCfg = Release|Any CPU
		{C88C3345-E751-4EEC-A05F-3B96D0E811BE}.Release|Any CPU.Build.0 = Release|Any CPU
	EndGlobalSection
EndGlobal
