
Microsoft Visual Studio Solution File, Format Version 12.00
Project("{FAE04EC0-301F-11D3-BF4B-00C04F79EFBC}") = "Otus.Hw.3.Solid", "Otus.Hw.3.Solid\Otus.Hw.3.Solid.csproj", "{C88C3345-E751-4EEC-A05F-3B96D0E811BE}"
EndProject
Project("{2150E333-8FDC-42A3-9474-1A3956D46DE8}") = "SolutionFolder", "SolutionFolder", "{8627D1F1-1758-4119-921D-AB667D74CD9D}"
	ProjectSection(SolutionItems) = preProject
		.gitignore = .gitignore
	EndProjectSection
EndProject
Project("{FAE04EC0-301F-11D3-BF4B-00C04F79EFBC}") = "Otus.Hw.4.Reflection", "Otus.Hw.4.Reflection\Otus.Hw.4.Reflection.csproj", "{432E11AA-0E61-472A-B2F6-C4182E2C00B8}"
EndProject
Project("{FAE04EC0-301F-11D3-BF4B-00C04F79EFBC}") = "Otus.Hw.5.DelegatesEvents", "Otus.Hw.5.DelegatesEvents\Otus.Hw.5.DelegatesEvents.csproj", "{388D0E2A-F527-427B-80B1-A8BFD2C323F1}"
EndProject
Project("{FAE04EC0-301F-11D3-BF4B-00C04F79EFBC}") = "Otus.Hw.7.Multithread", "Otus.Hw.7.Multithread\Otus.Hw.7.Multithread.csproj", "{D894041A-2A59-4089-A7C3-46192BDD155B}"
EndProject
Project("{FAE04EC0-301F-11D3-BF4B-00C04F79EFBC}") = "Otus.Hw.6.Tasks", "Otus.Hw.6.Tasks\Otus.Hw.6.Tasks.csproj", "{843BB9A1-2213-4736-A9A4-D32E38E723C2}"
EndProject
Global
	GlobalSection(SolutionConfigurationPlatforms) = preSolution
		Debug|Any CPU = Debug|Any CPU
		Release|Any CPU = Release|Any CPU
	EndGlobalSection
	GlobalSection(ProjectConfigurationPlatforms) = postSolution
		{C88C3345-E751-4EEC-A05F-3B96D0E811BE}.Debug|Any CPU.ActiveCfg = Debug|Any CPU
		{C88C3345-E751-4EEC-A05F-3B96D0E811BE}.Debug|Any CPU.Build.0 = Debug|Any CPU
		{C88C3345-E751-4EEC-A05F-3B96D0E811BE}.Release|Any CPU.ActiveCfg = Release|Any CPU
		{C88C3345-E751-4EEC-A05F-3B96D0E811BE}.Release|Any CPU.Build.0 = Release|Any CPU
		{432E11AA-0E61-472A-B2F6-C4182E2C00B8}.Debug|Any CPU.ActiveCfg = Debug|Any CPU
		{432E11AA-0E61-472A-B2F6-C4182E2C00B8}.Debug|Any CPU.Build.0 = Debug|Any CPU
		{432E11AA-0E61-472A-B2F6-C4182E2C00B8}.Release|Any CPU.ActiveCfg = Release|Any CPU
		{432E11AA-0E61-472A-B2F6-C4182E2C00B8}.Release|Any CPU.Build.0 = Release|Any CPU
		{388D0E2A-F527-427B-80B1-A8BFD2C323F1}.Debug|Any CPU.ActiveCfg = Debug|Any CPU
		{388D0E2A-F527-427B-80B1-A8BFD2C323F1}.Debug|Any CPU.Build.0 = Debug|Any CPU
		{388D0E2A-F527-427B-80B1-A8BFD2C323F1}.Release|Any CPU.ActiveCfg = Release|Any CPU
		{388D0E2A-F527-427B-80B1-A8BFD2C323F1}.Release|Any CPU.Build.0 = Release|Any CPU
		{D894041A-2A59-4089-A7C3-46192BDD155B}.Debug|Any CPU.ActiveCfg = Debug|Any CPU
		{D894041A-2A59-4089-A7C3-46192BDD155B}.Debug|Any CPU.Build.0 = Debug|Any CPU
		{D894041A-2A59-4089-A7C3-46192BDD155B}.Release|Any CPU.ActiveCfg = Release|Any CPU
		{D894041A-2A59-4089-A7C3-46192BDD155B}.Release|Any CPU.Build.0 = Release|Any CPU
		{843BB9A1-2213-4736-A9A4-D32E38E723C2}.Debug|Any CPU.ActiveCfg = Debug|Any CPU
		{843BB9A1-2213-4736-A9A4-D32E38E723C2}.Debug|Any CPU.Build.0 = Debug|Any CPU
		{843BB9A1-2213-4736-A9A4-D32E38E723C2}.Release|Any CPU.ActiveCfg = Release|Any CPU
		{843BB9A1-2213-4736-A9A4-D32E38E723C2}.Release|Any CPU.Build.0 = Release|Any CPU
	EndGlobalSection
EndGlobal
